
Microsoft Visual Studio Solution File, Format Version 12.00
# Visual Studio Version 16
VisualStudioVersion = 16.0.29920.165
MinimumVisualStudioVersion = 10.0.40219.1
Project("{8BC9CEB8-8B4A-11D0-8D11-00A0C91BC942}") = "Framework", "UnepicEngine\UnepicEngine.vcxproj", "{B4EADA54-56D6-4EA0-AB85-80009668CB9B}"
EndProject
Project("{8BC9CEB8-8B4A-11D0-8D11-00A0C91BC942}") = "Renderer", "Renderer\Renderer.vcxproj", "{6CED4395-F1A1-41C4-A15D-D255732FFB89}"
EndProject
Project("{8BC9CEB8-8B4A-11D0-8D11-00A0C91BC942}") = "Editor", "Editor\Editor.vcxproj", "{A38C591C-BB82-4CC3-830A-316865D956B2}"
EndProject
Project("{8BC9CEB8-8B4A-11D0-8D11-00A0C91BC942}") = "Game", "Game\Game.vcxproj", "{D977D359-4F0E-4404-9190-5096FA6C3786}"
EndProject
Global
	GlobalSection(SolutionConfigurationPlatforms) = preSolution
		Debug|x64 = Debug|x64
		Debug|x86 = Debug|x86
		Release|x64 = Release|x64
		Release|x86 = Release|x86
	EndGlobalSection
	GlobalSection(ProjectConfigurationPlatforms) = postSolution
		{B4EADA54-56D6-4EA0-AB85-80009668CB9B}.Debug|x64.ActiveCfg = Debug|x64
		{B4EADA54-56D6-4EA0-AB85-80009668CB9B}.Debug|x64.Build.0 = Debug|x64
		{B4EADA54-56D6-4EA0-AB85-80009668CB9B}.Debug|x86.ActiveCfg = Debug|Win32
		{B4EADA54-56D6-4EA0-AB85-80009668CB9B}.Debug|x86.Build.0 = Debug|Win32
		{B4EADA54-56D6-4EA0-AB85-80009668CB9B}.Release|x64.ActiveCfg = Release|x64
		{B4EADA54-56D6-4EA0-AB85-80009668CB9B}.Release|x64.Build.0 = Release|x64
		{B4EADA54-56D6-4EA0-AB85-80009668CB9B}.Release|x86.ActiveCfg = Release|Win32
		{B4EADA54-56D6-4EA0-AB85-80009668CB9B}.Release|x86.Build.0 = Release|Win32
		{6CED4395-F1A1-41C4-A15D-D255732FFB89}.Debug|x64.ActiveCfg = Debug|x64
		{6CED4395-F1A1-41C4-A15D-D255732FFB89}.Debug|x64.Build.0 = Debug|x64
		{6CED4395-F1A1-41C4-A15D-D255732FFB89}.Debug|x86.ActiveCfg = Debug|Win32
		{6CED4395-F1A1-41C4-A15D-D255732FFB89}.Debug|x86.Build.0 = Debug|Win32
		{6CED4395-F1A1-41C4-A15D-D255732FFB89}.Release|x64.ActiveCfg = Release|x64
		{6CED4395-F1A1-41C4-A15D-D255732FFB89}.Release|x64.Build.0 = Release|x64
		{6CED4395-F1A1-41C4-A15D-D255732FFB89}.Release|x86.ActiveCfg = Release|Win32
		{6CED4395-F1A1-41C4-A15D-D255732FFB89}.Release|x86.Build.0 = Release|Win32
		{A38C591C-BB82-4CC3-830A-316865D956B2}.Debug|x64.ActiveCfg = Debug|x64
		{A38C591C-BB82-4CC3-830A-316865D956B2}.Debug|x64.Build.0 = Debug|x64
		{A38C591C-BB82-4CC3-830A-316865D956B2}.Debug|x86.ActiveCfg = Debug|Win32
		{A38C591C-BB82-4CC3-830A-316865D956B2}.Debug|x86.Build.0 = Debug|Win32
		{A38C591C-BB82-4CC3-830A-316865D956B2}.Release|x64.ActiveCfg = Release|x64
		{A38C591C-BB82-4CC3-830A-316865D956B2}.Release|x64.Build.0 = Release|x64
		{A38C591C-BB82-4CC3-830A-316865D956B2}.Release|x86.ActiveCfg = Release|Win32
		{A38C591C-BB82-4CC3-830A-316865D956B2}.Release|x86.Build.0 = Release|Win32
		{D977D359-4F0E-4404-9190-5096FA6C3786}.Debug|x64.ActiveCfg = Debug|x64
		{D977D359-4F0E-4404-9190-5096FA6C3786}.Debug|x64.Build.0 = Debug|x64
		{D977D359-4F0E-4404-9190-5096FA6C3786}.Debug|x86.ActiveCfg = Debug|Win32
		{D977D359-4F0E-4404-9190-5096FA6C3786}.Debug|x86.Build.0 = Debug|Win32
		{D977D359-4F0E-4404-9190-5096FA6C3786}.Release|x64.ActiveCfg = Release|x64
		{D977D359-4F0E-4404-9190-5096FA6C3786}.Release|x64.Build.0 = Release|x64
		{D977D359-4F0E-4404-9190-5096FA6C3786}.Release|x86.ActiveCfg = Release|Win32
		{D977D359-4F0E-4404-9190-5096FA6C3786}.Release|x86.Build.0 = Release|Win32
	EndGlobalSection
	GlobalSection(SolutionProperties) = preSolution
		HideSolutionNode = FALSE
	EndGlobalSection
	GlobalSection(ExtensibilityGlobals) = postSolution
		SolutionGuid = {C101FE47-D5D2-491D-AA17-F7C4B9A03139}
	EndGlobalSection
EndGlobal
